# This file is automatically @generated by Cargo.
# It is not intended for manual editing.
version = 4

[[package]]
name = "kolyan-agent"
version = "0.1.0"
dependencies = [
 "kolyan-core",
 "kolyan-runtime",
]

[[package]]
name = "kolyan-cli"
version = "0.1.0"

[[package]]
name = "kolyan-core"
version = "0.1.0"
dependencies = [
 "kolyan-types",
]

[[package]]
name = "kolyan-model"
version = "0.1.0"
dependencies = [
 "kolyan-types",
]

[[package]]
name = "kolyan-policy"
version = "0.1.0"
dependencies = [
 "kolyan-types",
]

[[package]]
name = "kolyan-runtime"
version = "0.1.0"
dependencies = [
 "kolyan-core",
 "kolyan-types",
]

[[package]]
name = "kolyan-server"
version = "0.1.0"

[[package]]
name = "kolyan-storage"
version = "0.1.0"
dependencies = [
 "kolyan-types",
]

[[package]]
name = "kolyan-tools"
version = "0.1.0"
dependencies = [
 "kolyan-types",
]

[[package]]
name = "kolyan-trace"
version = "0.1.0"
dependencies = [
 "kolyan-types",
]

[[package]]
name = "kolyan-tui"
version = "0.1.0"

[[package]]
name = "kolyan-types"
version = "0.1.0"
